dependencies:
  cmake_utilities:
    dependencies: []
    source:
      path: /Users/florinbaciu/Desktop/workspace/lilygo-thmi-lvgl-9-esp-idf-project/components/cmake_utilities
      type: local
    version: 1.1.1
  esp_lcd_touch:
    dependencies: []
    source:
      path: /Users/florinbaciu/Desktop/workspace/lilygo-thmi-lvgl-9-esp-idf-project/components/esp_lcd_touch
      type: local
    version: 1.1.2
  idf:
    source:
      type: idf
    version: 5.5.0
  lvgl/lvgl:
    component_hash: b702d642e03e95928046d5c6726558e6444e112420c77efa5fdb6650b0a13c5d
    dependencies: []
    source:
      registry_url: https://components.espressif.com/
      type: service
    version: 9.3.0
direct_dependencies:
- espressif/cmake_utilities
- espressif/esp_lcd_touch
- idf
- lvgl/lvgl
manifest_hash: ee7f6aecb86e1a58f2407f50d4e25305260227d72ad24d82a8d5bd8a93c89a74
target: esp32s3
version: 2.0.0
